
Microsoft Visual Studio Solution File, Format Version 12.00
# Visual Studio Version 17
VisualStudioVersion = 17.14.36414.22
MinimumVisualStudioVersion = 10.0.40219.1
Project("{FAE04EC0-301F-11D3-BF4B-00C04F79EFBC}") = "CLI.Healthcare", "CLI.Healthcare\CLI.Healthcare.csproj", "{C73BCC11-6F9C-478D-9E7D-023242D93C90}"
EndProject
Project("{FAE04EC0-301F-11D3-BF4B-00C04F79EFBC}") = "Library.Healthcare", "Library.Healthcare\Library.Healthcare.csproj", "{BD8D99A1-741C-4492-8D7D-334560353ED7}"
EndProject
Global
	GlobalSection(SolutionConfigurationPlatforms) = preSolution
		Debug|Any CPU = Debug|Any CPU
		Release|Any CPU = Release|Any CPU
	EndGlobalSection
	GlobalSection(ProjectConfigurationPlatforms) = postSolution
		{C73BCC11-6F9C-478D-9E7D-023242D93C90}.Debug|Any CPU.ActiveCfg = Debug|Any CPU
		{C73BCC11-6F9C-478D-9E7D-023242D93C90}.Debug|Any CPU.Build.0 = Debug|Any CPU
		{C73BCC11-6F9C-478D-9E7D-023242D93C90}.Release|Any CPU.ActiveCfg = Release|Any CPU
		{C73BCC11-6F9C-478D-9E7D-023242D93C90}.Release|Any CPU.Build.0 = Release|Any CPU
		{BD8D99A1-741C-4492-8D7D-334560353ED7}.Debug|Any CPU.ActiveCfg = Debug|Any CPU
		{BD8D99A1-741C-4492-8D7D-334560353ED7}.Debug|Any CPU.Build.0 = Debug|Any CPU
		{BD8D99A1-741C-4492-8D7D-334560353ED7}.Release|Any CPU.ActiveCfg = Release|Any CPU
		{BD8D99A1-741C-4492-8D7D-334560353ED7}.Release|Any CPU.Build.0 = Release|Any CPU
	EndGlobalSection
	GlobalSection(SolutionProperties) = preSolution
		HideSolutionNode = FALSE
	EndGlobalSection
	GlobalSection(ExtensibilityGlobals) = postSolution
		SolutionGuid = {8D6C14DC-F547-4B17-8AE4-D8E77AB4266B}
	EndGlobalSection
EndGlobal
